
Microsoft Visual Studio Solution File, Format Version 12.00
# Visual Studio Version 16
VisualStudioVersion = 16.0.29920.165
MinimumVisualStudioVersion = 10.0.40219.1
Project("{9A19103F-16F7-4668-BE54-9A1E7A4F7556}") = "ConstructionExchangeQuotes.Server", "ConstructionExchangeQuotes\Server\ConstructionExchangeQuotes.Server.csproj", "{B1946566-3972-4CB2-A7D1-E49B0F86B3EA}"
EndProject
Project("{9A19103F-16F7-4668-BE54-9A1E7A4F7556}") = "ConstructionExchangeQuotes.Client", "ConstructionExchangeQuotes\Client\ConstructionExchangeQuotes.Client.csproj", "{B4753CD0-10D8-425B-A2F5-6BB656A5C802}"
EndProject
Project("{9A19103F-16F7-4668-BE54-9A1E7A4F7556}") = "ConstructionExchangeQuotes.Shared", "ConstructionExchangeQuotes\Shared\ConstructionExchangeQuotes.Shared.csproj", "{1A655835-4B34-4F2B-82C6-3FD081BFFAB8}"
EndProject
Global
	GlobalSection(SolutionConfigurationPlatforms) = preSolution
		Debug|Any CPU = Debug|Any CPU
		Release|Any CPU = Release|Any CPU
	EndGlobalSection
	GlobalSection(ProjectConfigurationPlatforms) = postSolution
		{B1946566-3972-4CB2-A7D1-E49B0F86B3EA}.Debug|Any CPU.ActiveCfg = Debug|Any CPU
		{B1946566-3972-4CB2-A7D1-E49B0F86B3EA}.Debug|Any CPU.Build.0 = Debug|Any CPU
		{B1946566-3972-4CB2-A7D1-E49B0F86B3EA}.Release|Any CPU.ActiveCfg = Release|Any CPU
		{B1946566-3972-4CB2-A7D1-E49B0F86B3EA}.Release|Any CPU.Build.0 = Release|Any CPU
		{B4753CD0-10D8-425B-A2F5-6BB656A5C802}.Debug|Any CPU.ActiveCfg = Debug|Any CPU
		{B4753CD0-10D8-425B-A2F5-6BB656A5C802}.Debug|Any CPU.Build.0 = Debug|Any CPU
		{B4753CD0-10D8-425B-A2F5-6BB656A5C802}.Release|Any CPU.ActiveCfg = Release|Any CPU
		{B4753CD0-10D8-425B-A2F5-6BB656A5C802}.Release|Any CPU.Build.0 = Release|Any CPU
		{1A655835-4B34-4F2B-82C6-3FD081BFFAB8}.Debug|Any CPU.ActiveCfg = Debug|Any CPU
		{1A655835-4B34-4F2B-82C6-3FD081BFFAB8}.Debug|Any CPU.Build.0 = Debug|Any CPU
		{1A655835-4B34-4F2B-82C6-3FD081BFFAB8}.Release|Any CPU.ActiveCfg = Release|Any CPU
		{1A655835-4B34-4F2B-82C6-3FD081BFFAB8}.Release|Any CPU.Build.0 = Release|Any CPU
	EndGlobalSection
	GlobalSection(SolutionProperties) = preSolution
		HideSolutionNode = FALSE
	EndGlobalSection
	GlobalSection(ExtensibilityGlobals) = postSolution
		SolutionGuid = {8BA0BBBD-B5EF-4CB8-86CF-0DFC92B08944}
	EndGlobalSection
EndGlobal
